[{<<"backoff">>,
  {git,"https://github.com/ferd/backoff.git",
       {ref,"dfb19a20c37b73af067edc3c335624bdf9517396"}},
  0},
 {<<"json">>,
  {git,"https://github.com/galdor/erl-json.git",
       {ref,"d87dcca03f17ea18d79badcedc1d9abde842a24d"}},
  0},
 {<<"jsv">>,
  {git,"https://github.com/galdor/erl-jsv.git",
       {ref,"d1c526bac493ec63c28a7fef6fa2fb3ed018679c"}},
  0}].
